
Microsoft Visual Studio Solution File, Format Version 12.00
# Visual Studio Version 16
VisualStudioVersion = 16.0.30907.101
MinimumVisualStudioVersion = 10.0.40219.1
Project("{9A19103F-16F7-4668-BE54-9A1E7A4F7556}") = "Entities", "Entities\Entities.csproj", "{CEDFFB32-4326-41A3-AB4F-B434624D6D2C}"
EndProject
Project("{9A19103F-16F7-4668-BE54-9A1E7A4F7556}") = "DataAccess", "DataAccess\DataAccess.csproj", "{65AEADF7-3A0E-463B-A800-D30B50E71E87}"
EndProject
Project("{9A19103F-16F7-4668-BE54-9A1E7A4F7556}") = "Business", "Business\Business.csproj", "{95B7A60A-D9CE-48AE-BCDF-049E942577B4}"
EndProject
Project("{9A19103F-16F7-4668-BE54-9A1E7A4F7556}") = "ConsolUI", "ConsolUI\ConsolUI.csproj", "{34F22B5B-23A2-469E-81C3-F84FB1A43AF7}"
EndProject
Project("{9A19103F-16F7-4668-BE54-9A1E7A4F7556}") = "Core", "Core\Core.csproj", "{408739CB-4FF7-4701-B381-C2018C1F9FD4}"
EndProject
Project("{FAE04EC0-301F-11D3-BF4B-00C04F79EFBC}") = "WebAPI", "WebAPI\WebAPI.csproj", "{22C91192-4D10-4127-9EDC-38E977F73A7D}"
EndProject
Global
	GlobalSection(SolutionConfigurationPlatforms) = preSolution
		Debug|Any CPU = Debug|Any CPU
		Release|Any CPU = Release|Any CPU
	EndGlobalSection
	GlobalSection(ProjectConfigurationPlatforms) = postSolution
		{CEDFFB32-4326-41A3-AB4F-B434624D6D2C}.Debug|Any CPU.ActiveCfg = Debug|Any CPU
		{CEDFFB32-4326-41A3-AB4F-B434624D6D2C}.Debug|Any CPU.Build.0 = Debug|Any CPU
		{CEDFFB32-4326-41A3-AB4F-B434624D6D2C}.Release|Any CPU.ActiveCfg = Release|Any CPU
		{CEDFFB32-4326-41A3-AB4F-B434624D6D2C}.Release|Any CPU.Build.0 = Release|Any CPU
		{65AEADF7-3A0E-463B-A800-D30B50E71E87}.Debug|Any CPU.ActiveCfg = Debug|Any CPU
		{65AEADF7-3A0E-463B-A800-D30B50E71E87}.Debug|Any CPU.Build.0 = Debug|Any CPU
		{65AEADF7-3A0E-463B-A800-D30B50E71E87}.Release|Any CPU.ActiveCfg = Release|Any CPU
		{65AEADF7-3A0E-463B-A800-D30B50E71E87}.Release|Any CPU.Build.0 = Release|Any CPU
		{95B7A60A-D9CE-48AE-BCDF-049E942577B4}.Debug|Any CPU.ActiveCfg = Debug|Any CPU
		{95B7A60A-D9CE-48AE-BCDF-049E942577B4}.Debug|Any CPU.Build.0 = Debug|Any CPU
		{95B7A60A-D9CE-48AE-BCDF-049E942577B4}.Release|Any CPU.ActiveCfg = Release|Any CPU
		{95B7A60A-D9CE-48AE-BCDF-049E942577B4}.Release|Any CPU.Build.0 = Release|Any CPU
		{34F22B5B-23A2-469E-81C3-F84FB1A43AF7}.Debug|Any CPU.ActiveCfg = Debug|Any CPU
		{34F22B5B-23A2-469E-81C3-F84FB1A43AF7}.Debug|Any CPU.Build.0 = Debug|Any CPU
		{34F22B5B-23A2-469E-81C3-F84FB1A43AF7}.Release|Any CPU.ActiveCfg = Release|Any CPU
		{34F22B5B-23A2-469E-81C3-F84FB1A43AF7}.Release|Any CPU.Build.0 = Release|Any CPU
		{408739CB-4FF7-4701-B381-C2018C1F9FD4}.Debug|Any CPU.ActiveCfg = Debug|Any CPU
		{408739CB-4FF7-4701-B381-C2018C1F9FD4}.Debug|Any CPU.Build.0 = Debug|Any CPU
		{408739CB-4FF7-4701-B381-C2018C1F9FD4}.Release|Any CPU.ActiveCfg = Release|Any CPU
		{408739CB-4FF7-4701-B381-C2018C1F9FD4}.Release|Any CPU.Build.0 = Release|Any CPU
		{22C91192-4D10-4127-9EDC-38E977F73A7D}.Debug|Any CPU.ActiveCfg = Debug|Any CPU
		{22C91192-4D10-4127-9EDC-38E977F73A7D}.Debug|Any CPU.Build.0 = Debug|Any CPU
		{22C91192-4D10-4127-9EDC-38E977F73A7D}.Release|Any CPU.ActiveCfg = Release|Any CPU
		{22C91192-4D10-4127-9EDC-38E977F73A7D}.Release|Any CPU.Build.0 = Release|Any CPU
	EndGlobalSection
	GlobalSection(SolutionProperties) = preSolution
		HideSolutionNode = FALSE
	EndGlobalSection
	GlobalSection(ExtensibilityGlobals) = postSolution
		SolutionGuid = {C55CA7E9-8FE3-4329-9360-692872AC33BA}
	EndGlobalSection
EndGlobal
